
Microsoft Visual Studio Solution File, Format Version 12.00
# Visual Studio Version 16
VisualStudioVersion = 16.0.32407.337
MinimumVisualStudioVersion = 10.0.40219.1
Project("{9A19103F-16F7-4668-BE54-9A1E7A4F7556}") = "CalculoAumentoFaixaSalarios", "ExerciciosResolvidos\CalculoAumentoFaixaSalarios.csproj", "{5C95FD5B-97EF-4F43-8E96-040A7494DBEE}"
EndProject
Project("{9A19103F-16F7-4668-BE54-9A1E7A4F7556}") = "AplicacaoBanco", "AplicacaoBanco\AplicacaoBanco.csproj", "{787AAA46-1491-4413-BB2E-E32BF55CE213}"
EndProject
Project("{9A19103F-16F7-4668-BE54-9A1E7A4F7556}") = "AplicacaoBancoUsandoFuncoes", "AplicacaoBancoUsandoFuncoes\AplicacaoBancoUsandoFuncoes.csproj", "{0F6FA2F7-7004-4064-A5F9-3F9F70888BB1}"
EndProject
Project("{9A19103F-16F7-4668-BE54-9A1E7A4F7556}") = "MostrarDivisoresAteN", "MostrarDivisoresAteN\MostrarDivisoresAteN.csproj", "{95376D30-E2A2-403F-9066-C1395863AB9E}"
EndProject
Project("{9A19103F-16F7-4668-BE54-9A1E7A4F7556}") = "AlunosQuePassaramUsandoArraysEFuncoes", "AlunosQuePassaramUsandoArraysEFuncoes\AlunosQuePassaramUsandoArraysEFuncoes.csproj", "{724F7C4B-19B6-472B-82C9-57889829923A}"
EndProject
Project("{9A19103F-16F7-4668-BE54-9A1E7A4F7556}") = "MDC", "MDC\MDC.csproj", "{804B597F-D453-41D1-8D02-29AF2AE9ADBB}"
EndProject
Project("{9A19103F-16F7-4668-BE54-9A1E7A4F7556}") = "3notas10alunos", "3notas10alunos\3notas10alunos.csproj", "{0E75C0A4-CCD8-4661-BAF8-6532FFE51B21}"
EndProject
Project("{9A19103F-16F7-4668-BE54-9A1E7A4F7556}") = "MMC", "MMC\MMC.csproj", "{067CBB7B-FF78-482F-BFBF-82BB3FD98958}"
EndProject
Project("{9A19103F-16F7-4668-BE54-9A1E7A4F7556}") = "RevisaoGeralCSharp", "RevisaoGeralCSharp\RevisaoGeralCSharp.csproj", "{0EB01309-8108-47C6-8C3F-3FA4FC5F4A0C}"
EndProject
Project("{9A19103F-16F7-4668-BE54-9A1E7A4F7556}") = "RevisaoFuncoes", "RevisaoFuncoes\RevisaoFuncoes.csproj", "{90869536-B1CE-4D6C-9DA1-686BE2404138}"
EndProject
Project("{9A19103F-16F7-4668-BE54-9A1E7A4F7556}") = "Ex1RevisaoFuncoes", "Ex1RevisaoFuncoes\Ex1RevisaoFuncoes.csproj", "{B1C74801-29EF-49F1-B570-EE9FDBBCE0E1}"
EndProject
Project("{9A19103F-16F7-4668-BE54-9A1E7A4F7556}") = "Ex2RevisaoFuncoes", "Ex2RevisaoFuncoes\Ex2RevisaoFuncoes.csproj", "{7E50E22F-C36C-445B-8014-C9F704307985}"
EndProject
Project("{9A19103F-16F7-4668-BE54-9A1E7A4F7556}") = "Ex3RevisaoFuncoes", "Ex3RevisaoFuncoes\Ex3RevisaoFuncoes.csproj", "{7F9F0BB0-56E4-47BB-9220-840C54D3227B}"
EndProject
Project("{9A19103F-16F7-4668-BE54-9A1E7A4F7556}") = "Ex4RevisaoFuncoes", "Ex4RevisaoFuncoes\Ex4RevisaoFuncoes.csproj", "{45E6CD14-5E82-47C1-9E63-E165ABA51FE6}"
EndProject
Project("{9A19103F-16F7-4668-BE54-9A1E7A4F7556}") = "Ex5RevisaoFuncoes", "Ex5RevisaoFuncoes\Ex5RevisaoFuncoes.csproj", "{938022D6-9CB9-42F6-9A5E-047719B58FD3}"
EndProject
Project("{9A19103F-16F7-4668-BE54-9A1E7A4F7556}") = "OrientacaoObjetosInicial", "OrientacaoObjetosInicial\OrientacaoObjetosInicial.csproj", "{51DF4148-9AAD-41EB-97C5-18599AEBDD68}"
EndProject
Project("{9A19103F-16F7-4668-BE54-9A1E7A4F7556}") = "OOFuncionario", "OOFuncionario\OOFuncionario.csproj", "{BCBC26F6-DFF2-4BBC-9922-0CD74C8D5C62}"
EndProject
Project("{9A19103F-16F7-4668-BE54-9A1E7A4F7556}") = "ModelagemFuncionario", "ModelagemFuncionario\ModelagemFuncionario.csproj", "{B4F22FCA-1BF7-4023-BB4E-551757192C30}"
EndProject
Project("{9A19103F-16F7-4668-BE54-9A1E7A4F7556}") = "OOHerancaComposicaoListas", "OOHerancaComposicaoListas\OOHerancaComposicaoListas.csproj", "{17F05923-725D-4D5B-A5C9-B7DEF96F60D9}"
EndProject
Project("{9A19103F-16F7-4668-BE54-9A1E7A4F7556}") = "ExercicioVeiculo", "ExercicioVeiculo\ExercicioVeiculo.csproj", "{E52711DC-73D3-46F9-8C6A-5EF70321987F}"
EndProject
Project("{9A19103F-16F7-4668-BE54-9A1E7A4F7556}") = "Vendas", "Vendas\Vendas.csproj", "{BFEA0CAF-3614-4E92-BC8D-F43B6CAF8D12}"
EndProject
Project("{9A19103F-16F7-4668-BE54-9A1E7A4F7556}") = "AulaReforco", "AulaReforco\AulaReforco.csproj", "{3F5769A8-D54D-47D1-945C-0AFDA1ACB2CA}"
EndProject
Project("{9A19103F-16F7-4668-BE54-9A1E7A4F7556}") = "CrudVendas", "CrudVendas\CrudVendas.csproj", "{12218331-4699-4EFD-8346-5A26900A43AB}"
EndProject
Project("{FAE04EC0-301F-11D3-BF4B-00C04F79EFBC}") = "InterfacesELinq", "InterfacesELinq\InterfacesELinq.csproj", "{1118B84F-0B97-4319-A840-2E7588DA8122}"
EndProject
Global
	GlobalSection(SolutionConfigurationPlatforms) = preSolution
		Debug|Any CPU = Debug|Any CPU
		Release|Any CPU = Release|Any CPU
	EndGlobalSection
	GlobalSection(ProjectConfigurationPlatforms) = postSolution
		{5C95FD5B-97EF-4F43-8E96-040A7494DBEE}.Debug|Any CPU.ActiveCfg = Debug|Any CPU
		{5C95FD5B-97EF-4F43-8E96-040A7494DBEE}.Debug|Any CPU.Build.0 = Debug|Any CPU
		{5C95FD5B-97EF-4F43-8E96-040A7494DBEE}.Release|Any CPU.ActiveCfg = Release|Any CPU
		{5C95FD5B-97EF-4F43-8E96-040A7494DBEE}.Release|Any CPU.Build.0 = Release|Any CPU
		{787AAA46-1491-4413-BB2E-E32BF55CE213}.Debug|Any CPU.ActiveCfg = Debug|Any CPU
		{787AAA46-1491-4413-BB2E-E32BF55CE213}.Debug|Any CPU.Build.0 = Debug|Any CPU
		{787AAA46-1491-4413-BB2E-E32BF55CE213}.Release|Any CPU.ActiveCfg = Release|Any CPU
		{787AAA46-1491-4413-BB2E-E32BF55CE213}.Release|Any CPU.Build.0 = Release|Any CPU
		{0F6FA2F7-7004-4064-A5F9-3F9F70888BB1}.Debug|Any CPU.ActiveCfg = Debug|Any CPU
		{0F6FA2F7-7004-4064-A5F9-3F9F70888BB1}.Debug|Any CPU.Build.0 = Debug|Any CPU
		{0F6FA2F7-7004-4064-A5F9-3F9F70888BB1}.Release|Any CPU.ActiveCfg = Release|Any CPU
		{0F6FA2F7-7004-4064-A5F9-3F9F70888BB1}.Release|Any CPU.Build.0 = Release|Any CPU
		{95376D30-E2A2-403F-9066-C1395863AB9E}.Debug|Any CPU.ActiveCfg = Debug|Any CPU
		{95376D30-E2A2-403F-9066-C1395863AB9E}.Debug|Any CPU.Build.0 = Debug|Any CPU
		{95376D30-E2A2-403F-9066-C1395863AB9E}.Release|Any CPU.ActiveCfg = Release|Any CPU
		{95376D30-E2A2-403F-9066-C1395863AB9E}.Release|Any CPU.Build.0 = Release|Any CPU
		{724F7C4B-19B6-472B-82C9-57889829923A}.Debug|Any CPU.ActiveCfg = Debug|Any CPU
		{724F7C4B-19B6-472B-82C9-57889829923A}.Debug|Any CPU.Build.0 = Debug|Any CPU
		{724F7C4B-19B6-472B-82C9-57889829923A}.Release|Any CPU.ActiveCfg = Release|Any CPU
		{724F7C4B-19B6-472B-82C9-57889829923A}.Release|Any CPU.Build.0 = Release|Any CPU
		{804B597F-D453-41D1-8D02-29AF2AE9ADBB}.Debug|Any CPU.ActiveCfg = Debug|Any CPU
		{804B597F-D453-41D1-8D02-29AF2AE9ADBB}.Debug|Any CPU.Build.0 = Debug|Any CPU
		{804B597F-D453-41D1-8D02-29AF2AE9ADBB}.Release|Any CPU.ActiveCfg = Release|Any CPU
		{804B597F-D453-41D1-8D02-29AF2AE9ADBB}.Release|Any CPU.Build.0 = Release|Any CPU
		{0E75C0A4-CCD8-4661-BAF8-6532FFE51B21}.Debug|Any CPU.ActiveCfg = Debug|Any CPU
		{0E75C0A4-CCD8-4661-BAF8-6532FFE51B21}.Debug|Any CPU.Build.0 = Debug|Any CPU
		{0E75C0A4-CCD8-4661-BAF8-6532FFE51B21}.Release|Any CPU.ActiveCfg = Release|Any CPU
		{0E75C0A4-CCD8-4661-BAF8-6532FFE51B21}.Release|Any CPU.Build.0 = Release|Any CPU
		{067CBB7B-FF78-482F-BFBF-82BB3FD98958}.Debug|Any CPU.ActiveCfg = Debug|Any CPU
		{067CBB7B-FF78-482F-BFBF-82BB3FD98958}.Debug|Any CPU.Build.0 = Debug|Any CPU
		{067CBB7B-FF78-482F-BFBF-82BB3FD98958}.Release|Any CPU.ActiveCfg = Release|Any CPU
		{067CBB7B-FF78-482F-BFBF-82BB3FD98958}.Release|Any CPU.Build.0 = Release|Any CPU
		{0EB01309-8108-47C6-8C3F-3FA4FC5F4A0C}.Debug|Any CPU.ActiveCfg = Debug|Any CPU
		{0EB01309-8108-47C6-8C3F-3FA4FC5F4A0C}.Debug|Any CPU.Build.0 = Debug|Any CPU
		{0EB01309-8108-47C6-8C3F-3FA4FC5F4A0C}.Release|Any CPU.ActiveCfg = Release|Any CPU
		{0EB01309-8108-47C6-8C3F-3FA4FC5F4A0C}.Release|Any CPU.Build.0 = Release|Any CPU
		{90869536-B1CE-4D6C-9DA1-686BE2404138}.Debug|Any CPU.ActiveCfg = Debug|Any CPU
		{90869536-B1CE-4D6C-9DA1-686BE2404138}.Debug|Any CPU.Build.0 = Debug|Any CPU
		{90869536-B1CE-4D6C-9DA1-686BE2404138}.Release|Any CPU.ActiveCfg = Release|Any CPU
		{90869536-B1CE-4D6C-9DA1-686BE2404138}.Release|Any CPU.Build.0 = Release|Any CPU
		{B1C74801-29EF-49F1-B570-EE9FDBBCE0E1}.Debug|Any CPU.ActiveCfg = Debug|Any CPU
		{B1C74801-29EF-49F1-B570-EE9FDBBCE0E1}.Debug|Any CPU.Build.0 = Debug|Any CPU
		{B1C74801-29EF-49F1-B570-EE9FDBBCE0E1}.Release|Any CPU.ActiveCfg = Release|Any CPU
		{B1C74801-29EF-49F1-B570-EE9FDBBCE0E1}.Release|Any CPU.Build.0 = Release|Any CPU
		{7E50E22F-C36C-445B-8014-C9F704307985}.Debug|Any CPU.ActiveCfg = Debug|Any CPU
		{7E50E22F-C36C-445B-8014-C9F704307985}.Debug|Any CPU.Build.0 = Debug|Any CPU
		{7E50E22F-C36C-445B-8014-C9F704307985}.Release|Any CPU.ActiveCfg = Release|Any CPU
		{7E50E22F-C36C-445B-8014-C9F704307985}.Release|Any CPU.Build.0 = Release|Any CPU
		{7F9F0BB0-56E4-47BB-9220-840C54D3227B}.Debug|Any CPU.ActiveCfg = Debug|Any CPU
		{7F9F0BB0-56E4-47BB-9220-840C54D3227B}.Debug|Any CPU.Build.0 = Debug|Any CPU
		{7F9F0BB0-56E4-47BB-9220-840C54D3227B}.Release|Any CPU.ActiveCfg = Release|Any CPU
		{7F9F0BB0-56E4-47BB-9220-840C54D3227B}.Release|Any CPU.Build.0 = Release|Any CPU
		{45E6CD14-5E82-47C1-9E63-E165ABA51FE6}.Debug|Any CPU.ActiveCfg = Debug|Any CPU
		{45E6CD14-5E82-47C1-9E63-E165ABA51FE6}.Debug|Any CPU.Build.0 = Debug|Any CPU
		{45E6CD14-5E82-47C1-9E63-E165ABA51FE6}.Release|Any CPU.ActiveCfg = Release|Any CPU
		{45E6CD14-5E82-47C1-9E63-E165ABA51FE6}.Release|Any CPU.Build.0 = Release|Any CPU
		{938022D6-9CB9-42F6-9A5E-047719B58FD3}.Debug|Any CPU.ActiveCfg = Debug|Any CPU
		{938022D6-9CB9-42F6-9A5E-047719B58FD3}.Debug|Any CPU.Build.0 = Debug|Any CPU
		{938022D6-9CB9-42F6-9A5E-047719B58FD3}.Release|Any CPU.ActiveCfg = Release|Any CPU
		{938022D6-9CB9-42F6-9A5E-047719B58FD3}.Release|Any CPU.Build.0 = Release|Any CPU
		{51DF4148-9AAD-41EB-97C5-18599AEBDD68}.Debug|Any CPU.ActiveCfg = Debug|Any CPU
		{51DF4148-9AAD-41EB-97C5-18599AEBDD68}.Debug|Any CPU.Build.0 = Debug|Any CPU
		{51DF4148-9AAD-41EB-97C5-18599AEBDD68}.Release|Any CPU.ActiveCfg = Release|Any CPU
		{51DF4148-9AAD-41EB-97C5-18599AEBDD68}.Release|Any CPU.Build.0 = Release|Any CPU
		{BCBC26F6-DFF2-4BBC-9922-0CD74C8D5C62}.Debug|Any CPU.ActiveCfg = Debug|Any CPU
		{BCBC26F6-DFF2-4BBC-9922-0CD74C8D5C62}.Debug|Any CPU.Build.0 = Debug|Any CPU
		{BCBC26F6-DFF2-4BBC-9922-0CD74C8D5C62}.Release|Any CPU.ActiveCfg = Release|Any CPU
		{BCBC26F6-DFF2-4BBC-9922-0CD74C8D5C62}.Release|Any CPU.Build.0 = Release|Any CPU
		{B4F22FCA-1BF7-4023-BB4E-551757192C30}.Debug|Any CPU.ActiveCfg = Debug|Any CPU
		{B4F22FCA-1BF7-4023-BB4E-551757192C30}.Debug|Any CPU.Build.0 = Debug|Any CPU
		{B4F22FCA-1BF7-4023-BB4E-551757192C30}.Release|Any CPU.ActiveCfg = Release|Any CPU
		{B4F22FCA-1BF7-4023-BB4E-551757192C30}.Release|Any CPU.Build.0 = Release|Any CPU
		{17F05923-725D-4D5B-A5C9-B7DEF96F60D9}.Debug|Any CPU.ActiveCfg = Debug|Any CPU
		{17F05923-725D-4D5B-A5C9-B7DEF96F60D9}.Debug|Any CPU.Build.0 = Debug|Any CPU
		{17F05923-725D-4D5B-A5C9-B7DEF96F60D9}.Release|Any CPU.ActiveCfg = Release|Any CPU
		{17F05923-725D-4D5B-A5C9-B7DEF96F60D9}.Release|Any CPU.Build.0 = Release|Any CPU
		{E52711DC-73D3-46F9-8C6A-5EF70321987F}.Debug|Any CPU.ActiveCfg = Debug|Any CPU
		{E52711DC-73D3-46F9-8C6A-5EF70321987F}.Debug|Any CPU.Build.0 = Debug|Any CPU
		{E52711DC-73D3-46F9-8C6A-5EF70321987F}.Release|Any CPU.ActiveCfg = Release|Any CPU
		{E52711DC-73D3-46F9-8C6A-5EF70321987F}.Release|Any CPU.Build.0 = Release|Any CPU
		{BFEA0CAF-3614-4E92-BC8D-F43B6CAF8D12}.Debug|Any CPU.ActiveCfg = Debug|Any CPU
		{BFEA0CAF-3614-4E92-BC8D-F43B6CAF8D12}.Debug|Any CPU.Build.0 = Debug|Any CPU
		{BFEA0CAF-3614-4E92-BC8D-F43B6CAF8D12}.Release|Any CPU.ActiveCfg = Release|Any CPU
		{BFEA0CAF-3614-4E92-BC8D-F43B6CAF8D12}.Release|Any CPU.Build.0 = Release|Any CPU
		{3F5769A8-D54D-47D1-945C-0AFDA1ACB2CA}.Debug|Any CPU.ActiveCfg = Debug|Any CPU
		{3F5769A8-D54D-47D1-945C-0AFDA1ACB2CA}.Debug|Any CPU.Build.0 = Debug|Any CPU
		{3F5769A8-D54D-47D1-945C-0AFDA1ACB2CA}.Release|Any CPU.ActiveCfg = Release|Any CPU
		{3F5769A8-D54D-47D1-945C-0AFDA1ACB2CA}.Release|Any CPU.Build.0 = Release|Any CPU
		{12218331-4699-4EFD-8346-5A26900A43AB}.Debug|Any CPU.ActiveCfg = Debug|Any CPU
		{12218331-4699-4EFD-8346-5A26900A43AB}.Debug|Any CPU.Build.0 = Debug|Any CPU
		{12218331-4699-4EFD-8346-5A26900A43AB}.Release|Any CPU.ActiveCfg = Release|Any CPU
		{12218331-4699-4EFD-8346-5A26900A43AB}.Release|Any CPU.Build.0 = Release|Any CPU
		{1118B84F-0B97-4319-A840-2E7588DA8122}.Debug|Any CPU.ActiveCfg = Debug|Any CPU
		{1118B84F-0B97-4319-A840-2E7588DA8122}.Debug|Any CPU.Build.0 = Debug|Any CPU
		{1118B84F-0B97-4319-A840-2E7588DA8122}.Release|Any CPU.ActiveCfg = Release|Any CPU
		{1118B84F-0B97-4319-A840-2E7588DA8122}.Release|Any CPU.Build.0 = Release|Any CPU
	EndGlobalSection
	GlobalSection(SolutionProperties) = preSolution
		HideSolutionNode = FALSE
	EndGlobalSection
	GlobalSection(ExtensibilityGlobals) = postSolution
		SolutionGuid = {35F45BD9-D8E1-4364-84BD-1D5BAE011EE5}
	EndGlobalSection
EndGlobal
